Microsoft Visual Studio Solution File, Format Version 12.00
# Visual Studio Version 17
VisualStudioVersion = 17.5.2.0
MinimumVisualStudioVersion = 10.0.40219.1
Project("{FAE04EC0-301F-11D3-BF4B-00C04F79EFBC}") = "Hospital Management System", "Hospital Management System.csproj", "{A603A83D-E30F-CB88-4355-1F0CAB6A08FB}"
EndProject
Global
	GlobalSection(SolutionConfigurationPlatforms) = preSolution
		Debug|Any CPU = Debug|Any CPU
		Release|Any CPU = Release|Any CPU
	EndGlobalSection
	GlobalSection(ProjectConfigurationPlatforms) = postSolution
		{A603A83D-E30F-CB88-4355-1F0CAB6A08FB}.Debug|Any CPU.ActiveCfg = Debug|Any CPU
		{A603A83D-E30F-CB88-4355-1F0CAB6A08FB}.Debug|Any CPU.Build.0 = Debug|Any CPU
		{A603A83D-E30F-CB88-4355-1F0CAB6A08FB}.Release|Any CPU.ActiveCfg = Release|Any CPU
		{A603A83D-E30F-CB88-4355-1F0CAB6A08FB}.Release|Any CPU.Build.0 = Release|Any CPU
	EndGlobalSection
	GlobalSection(SolutionProperties) = preSolution
		HideSolutionNode = FALSE
	EndGlobalSection
	GlobalSection(ExtensibilityGlobals) = postSolution
		SolutionGuid = {02472721-8B98-4993-8B8F-368A6A84F374}
	EndGlobalSection
EndGlobal
